
Microsoft Visual Studio Solution File, Format Version 12.00
# Visual Studio 15
VisualStudioVersion = 15.0.28307.572
MinimumVisualStudioVersion = 10.0.40219.1
Project("{FAE04EC0-301F-11D3-BF4B-00C04F79EFBC}") = "lab10", "lab10\lab10.csproj", "{E50AE842-7A9C-4FFB-8250-79A78187195B}"
EndProject
Project("{FAE04EC0-301F-11D3-BF4B-00C04F79EFBC}") = "test", "..\..\..\..\source\repos\test\test\test.csproj", "{8D791154-949E-4704-9648-545D00557E8D}"
EndProject
Global
	GlobalSection(SolutionConfigurationPlatforms) = preSolution
		Debug|Any CPU = Debug|Any CPU
		Release|Any CPU = Release|Any CPU
	EndGlobalSection
	GlobalSection(ProjectConfigurationPlatforms) = postSolution
		{E50AE842-7A9C-4FFB-8250-79A78187195B}.Debug|Any CPU.ActiveCfg = Debug|Any CPU
		{E50AE842-7A9C-4FFB-8250-79A78187195B}.Debug|Any CPU.Build.0 = Debug|Any CPU
		{E50AE842-7A9C-4FFB-8250-79A78187195B}.Release|Any CPU.ActiveCfg = Release|Any CPU
		{E50AE842-7A9C-4FFB-8250-79A78187195B}.Release|Any CPU.Build.0 = Release|Any CPU
		{8D791154-949E-4704-9648-545D00557E8D}.Debug|Any CPU.ActiveCfg = Debug|Any CPU
		{8D791154-949E-4704-9648-545D00557E8D}.Debug|Any CPU.Build.0 = Debug|Any CPU
		{8D791154-949E-4704-9648-545D00557E8D}.Release|Any CPU.ActiveCfg = Release|Any CPU
		{8D791154-949E-4704-9648-545D00557E8D}.Release|Any CPU.Build.0 = Release|Any CPU
	EndGlobalSection
	GlobalSection(SolutionProperties) = preSolution
		HideSolutionNode = FALSE
	EndGlobalSection
	GlobalSection(ExtensibilityGlobals) = postSolution
		SolutionGuid = {1318FB99-EACE-4F79-8153-BCDBF0F8E24D}
	EndGlobalSection
EndGlobal
